// !$*UTF8*$!
{
	archiveVersion = 1;
	classes = {
	};
	objectVersion = 55;
	objects = {

/* Begin PBXBuildFile section */
		9347DF2827BE5E7000A11FE6 /* QuizWithHard.swift in Sources */ = {isa = PBXBuildFile; fileRef = 9347DF2727BE5E7000A11FE6 /* QuizWithHard.swift */; };
		9347DF2A27BE5F9B00A11FE6 /* HardQuiz.swift in Sources */ = {isa = PBXBuildFile; fileRef = 9347DF2927BE5F9B00A11FE6 /* HardQuiz.swift */; };
		9347DF2C27BE602600A11FE6 /* ModelForHardQuiz.swift in Sources */ = {isa = PBXBuildFile; fileRef = 9347DF2B27BE602600A11FE6 /* ModelForHardQuiz.swift */; };
		93BFD05527BCF372006DEFDF /* AppDelegate.swift in Sources */ = {isa = PBXBuildFile; fileRef = 93BFD05427BCF372006DEFDF /* AppDelegate.swift */; };
		93BFD05727BCF372006DEFDF /* SceneDelegate.swift in Sources */ = {isa = PBXBuildFile; fileRef = 93BFD05627BCF372006DEFDF /* SceneDelegate.swift */; };
		93BFD05927BCF372006DEFDF /* QuizWithEasy.swift in Sources */ = {isa = PBXBuildFile; fileRef = 93BFD05827BCF372006DEFDF /* QuizWithEasy.swift */; };
		93BFD05C27BCF372006DEFDF /* Main.storyboard in Resources */ = {isa = PBXBuildFile; fileRef = 93BFD05A27BCF372006DEFDF /* Main.storyboard */; };
		93BFD05E27BCF374006DEFDF /* Assets.xcassets in Resources */ = {isa = PBXBuildFile; fileRef = 93BFD05D27BCF374006DEFDF /* Assets.xcassets */; };
		93BFD06127BCF374006DEFDF /* LaunchScreen.storyboard in Resources */ = {isa = PBXBuildFile; fileRef = 93BFD05F27BCF374006DEFDF /* LaunchScreen.storyboard */; };
		93BFD06C27BCF3F1006DEFDF /* EasyQuiz.swift in Sources */ = {isa = PBXBuildFile; fileRef = 93BFD06B27BCF3F1006DEFDF /* EasyQuiz.swift */; };
		93BFD06E27BCF3FD006DEFDF /* ModelForEasyQuiz.swift in Sources */ = {isa = PBXBuildFile; fileRef = 93BFD06D27BCF3FD006DEFDF /* ModelForEasyQuiz.swift */; };
/* End PBXBuildFile section */

/* Begin PBXFileReference section */
		9347DF2727BE5E7000A11FE6 /* QuizWithHard.swift */ = {isa = PBXFileReference; lastKnownFileType = sourcecode.swift; path = QuizWithHard.swift; sourceTree = "<group>"; };
		9347DF2927BE5F9B00A11FE6 /* HardQuiz.swift */ = {isa = PBXFileReference; lastKnownFileType = sourcecode.swift; path = HardQuiz.swift; sourceTree = "<group>"; };
		9347DF2B27BE602600A11FE6 /* ModelForHardQuiz.swift */ = {isa = PBXFileReference; lastKnownFileType = sourcecode.swift; path = ModelForHardQuiz.swift; sourceTree = "<group>"; };
		93BFD05127BCF372006DEFDF /* QuizzlerWithMVC.app */ = {isa = PBXFileReference; explicitFileType = wrapper.application; includeInIndex = 0; path = QuizzlerWithMVC.app; sourceTree = BUILT_PRODUCTS_DIR; };
		93BFD05427BCF372006DEFDF /* AppDelegate.swift */ = {isa = PBXFileReference; lastKnownFileType = sourcecode.swift; path = AppDelegate.swift; sourceTree = "<group>"; };
		93BFD05627BCF372006DEFDF /* SceneDelegate.swift */ = {isa = PBXFileReference; lastKnownFileType = sourcecode.swift; path = SceneDelegate.swift; sourceTree = "<group>"; };
		93BFD05827BCF372006DEFDF /* QuizWithEasy.swift */ = {isa = PBXFileReference; lastKnownFileType = sourcecode.swift; path = QuizWithEasy.swift; sourceTree = "<group>"; };
		93BFD05B27BCF372006DEFDF /* Base */ = {isa = PBXFileReference; lastKnownFileType = file.storyboard; name = Base; path = Base.lproj/Main.storyboard; sourceTree = "<group>"; };
		93BFD05D27BCF374006DEFDF /* Assets.xcassets */ = {isa = PBXFileReference; lastKnownFileType = folder.assetcatalog; path = Assets.xcassets; sourceTree = "<group>"; };
		93BFD06027BCF374006DEFDF /* Base */ = {isa = PBXFileReference; lastKnownFileType = file.storyboard; name = Base; path = Base.lproj/LaunchScreen.storyboard; sourceTree = "<group>"; };
		93BFD06227BCF374006DEFDF /* Info.plist */ = {isa = PBXFileReference; lastKnownFileType = text.plist.xml; path = Info.plist; sourceTree = "<group>"; };
		93BFD06B27BCF3F1006DEFDF /* EasyQuiz.swift */ = {isa = PBXFileReference; lastKnownFileType = sourcecode.swift; path = EasyQuiz.swift; sourceTree = "<group>"; };
		93BFD06D27BCF3FD006DEFDF /* ModelForEasyQuiz.swift */ = {isa = PBXFileReference; lastKnownFileType = sourcecode.swift; path = ModelForEasyQuiz.swift; sourceTree = "<group>"; };
/* End PBXFileReference section */

/* Begin PBXFrameworksBuildPhase section */
		93BFD04E27BCF372006DEFDF /* Frameworks */ = {
			isa = PBXFrameworksBuildPhase;
			buildActionMask = 2147483647;
			files = (
			);
			runOnlyForDeploymentPostprocessing = 0;
		};
/* End PBXFrameworksBuildPhase section */

/* Begin PBXGroup section */
		93BFD04827BCF372006DEFDF = {
			isa = PBXGroup;
			children = (
				93BFD05327BCF372006DEFDF /* QuizzlerWithMVC */,
				93BFD05227BCF372006DEFDF /* Products */,
			);
			sourceTree = "<group>";
		};
		93BFD05227BCF372006DEFDF /* Products */ = {
			isa = PBXGroup;
			children = (
				93BFD05127BCF372006DEFDF /* QuizzlerWithMVC.app */,
			);
			name = Products;
			sourceTree = "<group>";
		};
		93BFD05327BCF372006DEFDF /* QuizzlerWithMVC */ = {
			isa = PBXGroup;
			children = (
				93BFD06927BCF3CF006DEFDF /* Model */,
				93BFD06827BCF3C8006DEFDF /* View */,
				93BFD06A27BCF3D6006DEFDF /* Controller */,
				93BFD05427BCF372006DEFDF /* AppDelegate.swift */,
				93BFD05627BCF372006DEFDF /* SceneDelegate.swift */,
				93BFD05D27BCF374006DEFDF /* Assets.xcassets */,
				93BFD05F27BCF374006DEFDF /* LaunchScreen.storyboard */,
				93BFD06227BCF374006DEFDF /* Info.plist */,
			);
			path = QuizzlerWithMVC;
			sourceTree = "<group>";
		};
		93BFD06827BCF3C8006DEFDF /* View */ = {
			isa = PBXGroup;
			children = (
				93BFD05A27BCF372006DEFDF /* Main.storyboard */,
			);
			path = View;
			sourceTree = "<group>";
		};
		93BFD06927BCF3CF006DEFDF /* Model */ = {
			isa = PBXGroup;
			children = (
				93BFD06B27BCF3F1006DEFDF /* EasyQuiz.swift */,
				93BFD06D27BCF3FD006DEFDF /* ModelForEasyQuiz.swift */,
				9347DF2927BE5F9B00A11FE6 /* HardQuiz.swift */,
				9347DF2B27BE602600A11FE6 /* ModelForHardQuiz.swift */,
			);
			path = Model;
			sourceTree = "<group>";
		};
		93BFD06A27BCF3D6006DEFDF /* Controller */ = {
			isa = PBXGroup;
			children = (
				93BFD05827BCF372006DEFDF /* QuizWithEasy.swift */,
				9347DF2727BE5E7000A11FE6 /* QuizWithHard.swift */,
			);
			path = Controller;
			sourceTree = "<group>";
		};
/* End PBXGroup section */

/* Begin PBXNativeTarget section */
		93BFD05027BCF372006DEFDF /* QuizzlerWithMVC */ = {
			isa = PBXNativeTarget;
			buildConfigurationList = 93BFD06527BCF374006DEFDF /* Build configuration list for PBXNativeTarget "QuizzlerWithMVC" */;
			buildPhases = (
				93BFD04D27BCF372006DEFDF /* Sources */,
				93BFD04E27BCF372006DEFDF /* Frameworks */,
				93BFD04F27BCF372006DEFDF /* Resources */,
			);
			buildRules = (
			);
			dependencies = (
			);
			name = QuizzlerWithMVC;
			productName = QuizzlerWithMVC;
			productReference = 93BFD05127BCF372006DEFDF /* QuizzlerWithMVC.app */;
			productType = "com.apple.product-type.application";
		};
/* End PBXNativeTarget section */

/* Begin PBXProject section */
		93BFD04927BCF372006DEFDF /* Project object */ = {
			isa = PBXProject;
			attributes = {
				BuildIndependentTargetsInParallel = 1;
				LastSwiftUpdateCheck = 1320;
				LastUpgradeCheck = 1320;
				TargetAttributes = {
					93BFD05027BCF372006DEFDF = {
						CreatedOnToolsVersion = 13.2.1;
					};
				};
			};
			buildConfigurationList = 93BFD04C27BCF372006DEFDF /* Build configuration list for PBXProject "QuizzlerWithMVC" */;
			compatibilityVersion = "Xcode 13.0";
			developmentRegion = en;
			hasScannedForEncodings = 0;
			knownRegions = (
				en,
				Base,
			);
			mainGroup = 93BFD04827BCF372006DEFDF;
			productRefGroup = 93BFD05227BCF372006DEFDF /* Products */;
			projectDirPath = "";
			projectRoot = "";
			targets = (
				93BFD05027BCF372006DEFDF /* QuizzlerWithMVC */,
			);
		};
/* End PBXProject section */

/* Begin PBXResourcesBuildPhase section */
		93BFD04F27BCF372006DEFDF /* Resources */ = {
			isa = PBXResourcesBuildPhase;
			buildActionMask = 2147483647;
			files = (
				93BFD06127BCF374006DEFDF /* LaunchScreen.storyboard in Resources */,
				93BFD05E27BCF374006DEFDF /* Assets.xcassets in Resources */,
				93BFD05C27BCF372006DEFDF /* Main.storyboard in Resources */,
			);
			runOnlyForDeploymentPostprocessing = 0;
		};
/* End PBXResourcesBuildPhase section */

/* Begin PBXSourcesBuildPhase section */
		93BFD04D27BCF372006DEFDF /* Sources */ = {
			isa = PBXSourcesBuildPhase;
			buildActionMask = 2147483647;
			files = (
				93BFD05927BCF372006DEFDF /* QuizWithEasy.swift in Sources */,
				9347DF2C27BE602600A11FE6 /* ModelForHardQuiz.swift in Sources */,
				93BFD05527BCF372006DEFDF /* AppDelegate.swift in Sources */,
				93BFD06C27BCF3F1006DEFDF /* EasyQuiz.swift in Sources */,
				93BFD06E27BCF3FD006DEFDF /* ModelForEasyQuiz.swift in Sources */,
				93BFD05727BCF372006DEFDF /* SceneDelegate.swift in Sources */,
				9347DF2A27BE5F9B00A11FE6 /* HardQuiz.swift in Sources */,
				9347DF2827BE5E7000A11FE6 /* QuizWithHard.swift in Sources */,
			);
			runOnlyForDeploymentPostprocessing = 0;
		};
/* End PBXSourcesBuildPhase section */

/* Begin PBXVariantGroup section */
		93BFD05A27BCF372006DEFDF /* Main.storyboard */ = {
			isa = PBXVariantGroup;
			children = (
				93BFD05B27BCF372006DEFDF /* Base */,
			);
			name = Main.storyboard;
			sourceTree = "<group>";
		};
		93BFD05F27BCF374006DEFDF /* LaunchScreen.storyboard */ = {
			isa = PBXVariantGroup;
			children = (
				93BFD06027BCF374006DEFDF /* Base */,
			);
			name = LaunchScreen.storyboard;
			sourceTree = "<group>";
		};
/* End PBXVariantGroup section */

/* Begin XCBuildConfiguration section */
		93BFD06327BCF374006DEFDF /* Debug */ = {
			isa = XCBuildConfiguration;
			buildSettings = {
				ALWAYS_SEARCH_USER_PATHS = NO;
				CLANG_ANALYZER_NONNULL = YES;
				CLANG_ANALYZER_NUMBER_OBJECT_CONVERSION = YES_AGGRESSIVE;
				CLANG_CXX_LANGUAGE_STANDARD = "gnu++17";
				CLANG_CXX_LIBRARY = "libc++";
				CLANG_ENABLE_MODULES = YES;
				CLANG_ENABLE_OBJC_ARC = YES;
				CLANG_ENABLE_OBJC_WEAK = YES;
				CLANG_WARN_BLOCK_CAPTURE_AUTORELEASING = YES;
				CLANG_WARN_BOOL_CONVERSION = YES;
				CLANG_WARN_COMMA = YES;
				CLANG_WARN_CONSTANT_CONVERSION = YES;
				CLANG_WARN_DEPRECATED_OBJC_IMPLEMENTATIONS = YES;
				CLANG_WARN_DIRECT_OBJC_ISA_USAGE = YES_ERROR;
				CLANG_WARN_DOCUMENTATION_COMMENTS = YES;
				CLANG_WARN_EMPTY_BODY = YES;
				CLANG_WARN_ENUM_CONVERSION = YES;
				CLANG_WARN_INFINITE_RECURSION = YES;
				CLANG_WARN_INT_CONVERSION = YES;
				CLANG_WARN_NON_LITERAL_NULL_CONVERSION = YES;
				CLANG_WARN_OBJC_IMPLICIT_RETAIN_SELF = YES;
				CLANG_WARN_OBJC_LITERAL_CONVERSION = YES;
				CLANG_WARN_OBJC_ROOT_CLASS = YES_ERROR;
				CLANG_WARN_QUOTED_INCLUDE_IN_FRAMEWORK_HEADER = YES;
				CLANG_WARN_RANGE_LOOP_ANALYSIS = YES;
				CLANG_WARN_STRICT_PROTOTYPES = YES;
				CLANG_WARN_SUSPICIOUS_MOVE = YES;
				CLANG_WARN_UNGUARDED_AVAILABILITY = YES_AGGRESSIVE;
				CLANG_WARN_UNREACHABLE_CODE = YES;
				CLANG_WARN__DUPLICATE_METHOD_MATCH = YES;
				COPY_PHASE_STRIP = NO;
				DEBUG_INFORMATION_FORMAT = dwarf;
				ENABLE_STRICT_OBJC_MSGSEND = YES;
				ENABLE_TESTABILITY = YES;
				GCC_C_LANGUAGE_STANDARD = gnu11;
				GCC_DYNAMIC_NO_PIC = NO;
				GCC_NO_COMMON_BLOCKS = YES;
				GCC_OPTIMIZATION_LEVEL = 0;
				GCC_PREPROCESSOR_DEFINITIONS = (
					"DEBUG=1",
					"$(inherited)",
				);
				GCC_WARN_64_TO_32_BIT_CONVERSION = YES;
				GCC_WARN_ABOUT_RETURN_TYPE = YES_ERROR;
				GCC_WARN_UNDECLARED_SELECTOR = YES;
				GCC_WARN_UNINITIALIZED_AUTOS = YES_AGGRESSIVE;
				GCC_WARN_UNUSED_FUNCTION = YES;
				GCC_WARN_UNUSED_VARIABLE = YES;
				IPHONEOS_DEPLOYMENT_TARGET = 15.2;
				MTL_ENABLE_DEBUG_INFO = INCLUDE_SOURCE;
				MTL_FAST_MATH = YES;
				ONLY_ACTIVE_ARCH = YES;
				SDKROOT = iphoneos;
				SWIFT_ACTIVE_COMPILATION_CONDITIONS = DEBUG;
				SWIFT_OPTIMIZATION_LEVEL = "-Onone";
			};
			name = Debug;
		};
		93BFD06427BCF374006DEFDF /* Release */ = {
			isa = XCBuildConfiguration;
			buildSettings = {
				ALWAYS_SEARCH_USER_PATHS = NO;
				CLANG_ANALYZER_NONNULL = YES;
				CLANG_ANALYZER_NUMBER_OBJECT_CONVERSION = YES_AGGRESSIVE;
				CLANG_CXX_LANGUAGE_STANDARD = "gnu++17";
				CLANG_CXX_LIBRARY = "libc++";
				CLANG_ENABLE_MODULES = YES;
				CLANG_ENABLE_OBJC_ARC = YES;
				CLANG_ENABLE_OBJC_WEAK = YES;
				CLANG_WARN_BLOCK_CAPTURE_AUTORELEASING = YES;
				CLANG_WARN_BOOL_CONVERSION = YES;
				CLANG_WARN_COMMA = YES;
				CLANG_WARN_CONSTANT_CONVERSION = YES;
				CLANG_WARN_DEPRECATED_OBJC_IMPLEMENTATIONS = YES;
				CLANG_WARN_DIRECT_OBJC_ISA_USAGE = YES_ERROR;
				CLANG_WARN_DOCUMENTATION_COMMENTS = YES;
				CLANG_WARN_EMPTY_BODY = YES;
				CLANG_WARN_ENUM_CONVERSION = YES;
				CLANG_WARN_INFINITE_RECURSION = YES;
				CLANG_WARN_INT_CONVERSION = YES;
				CLANG_WARN_NON_LITERAL_NULL_CONVERSION = YES;
				CLANG_WARN_OBJC_IMPLICIT_RETAIN_SELF = YES;
				CLANG_WARN_OBJC_LITERAL_CONVERSION = YES;
				CLANG_WARN_OBJC_ROOT_CLASS = YES_ERROR;
				CLANG_WARN_QUOTED_INCLUDE_IN_FRAMEWORK_HEADER = YES;
				CLANG_WARN_RANGE_LOOP_ANALYSIS = YES;
				CLANG_WARN_STRICT_PROTOTYPES = YES;
				CLANG_WARN_SUSPICIOUS_MOVE = YES;
				CLANG_WARN_UNGUARDED_AVAILABILITY = YES_AGGRESSIVE;
				CLANG_WARN_UNREACHABLE_CODE = YES;
				CLANG_WARN__DUPLICATE_METHOD_MATCH = YES;
				COPY_PHASE_STRIP = NO;
				DEBUG_INFORMATION_FORMAT = "dwarf-with-dsym";
				ENABLE_NS_ASSERTIONS = NO;
				ENABLE_STRICT_OBJC_MSGSEND = YES;
				GCC_C_LANGUAGE_STANDARD = gnu11;
				GCC_NO_COMMON_BLOCKS = YES;
				GCC_WARN_64_TO_32_BIT_CONVERSION = YES;
				GCC_WARN_ABOUT_RETURN_TYPE = YES_ERROR;
				GCC_WARN_UNDECLARED_SELECTOR = YES;
				GCC_WARN_UNINITIALIZED_AUTOS = YES_AGGRESSIVE;
				GCC_WARN_UNUSED_FUNCTION = YES;
				GCC_WARN_UNUSED_VARIABLE = YES;
				IPHONEOS_DEPLOYMENT_TARGET = 15.2;
				MTL_ENABLE_DEBUG_INFO = NO;
				MTL_FAST_MATH = YES;
				SDKROOT = iphoneos;
				SWIFT_COMPILATION_MODE = wholemodule;
				SWIFT_OPTIMIZATION_LEVEL = "-O";
				VALIDATE_PRODUCT = YES;
			};
			name = Release;
		};
		93BFD06627BCF374006DEFDF /* Debug */ = {
			isa = XCBuildConfiguration;
			buildSettings = {
				ASSETCATALOG_COMPILER_APPICON_NAME = AppIcon;
				ASSETCATALOG_COMPILER_GLOBAL_ACCENT_COLOR_NAME = AccentColor;
				CODE_SIGN_STYLE = Automatic;
				CURRENT_PROJECT_VERSION = 1;
				DEVELOPMENT_TEAM = 5S4XBZ2ACZ;
				GENERATE_INFOPLIST_FILE = YES;
				INFOPLIST_FILE = QuizzlerWithMVC/Info.plist;
				INFOPLIST_KEY_CFBundleDisplayName = "퀴즐러";
				INFOPLIST_KEY_UIApplicationSupportsIndirectInputEvents = YES;
				INFOPLIST_KEY_UILaunchStoryboardName = LaunchScreen;
				INFOPLIST_KEY_UIMainStoryboardFile = Main;
				INFOPLIST_KEY_UISupportedInterfaceOrientations_iPad = "UIInterfaceOrientationPortrait UIInterfaceOrientationPortraitUpsideDown UIInterfaceOrientationLandscapeLeft UIInterfaceOrientationLandscapeRight";
				INFOPLIST_KEY_UISupportedInterfaceOrientations_iPhone = "UIInterfaceOrientationPortrait UIInterfaceOrientationLandscapeLeft UIInterfaceOrientationLandscapeRight";
				LD_RUNPATH_SEARCH_PATHS = (
					"$(inherited)",
					"@executable_path/Frameworks",
				);
				MARKETING_VERSION = 1.0;
				PRODUCT_BUNDLE_IDENTIFIER = udemy.walter.QuizzlerWithMVC;
				PRODUCT_NAME = "$(TARGET_NAME)";
				SWIFT_EMIT_LOC_STRINGS = YES;
				SWIFT_VERSION = 5.0;
				TARGETED_DEVICE_FAMILY = "1,2";
			};
			name = Debug;
		};
		93BFD06727BCF374006DEFDF /* Release */ = {
			isa = XCBuildConfiguration;
			buildSettings = {
				ASSETCATALOG_COMPILER_APPICON_NAME = AppIcon;
				ASSETCATALOG_COMPILER_GLOBAL_ACCENT_COLOR_NAME = AccentColor;
				CODE_SIGN_STYLE = Automatic;
				CURRENT_PROJECT_VERSION = 1;
				DEVELOPMENT_TEAM = 5S4XBZ2ACZ;
				GENERATE_INFOPLIST_FILE = YES;
				INFOPLIST_FILE = QuizzlerWithMVC/Info.plist;
				INFOPLIST_KEY_CFBundleDisplayName = "퀴즐러";
				INFOPLIST_KEY_UIApplicationSupportsIndirectInputEvents = YES;
				INFOPLIST_KEY_UILaunchStoryboardName = LaunchScreen;
				INFOPLIST_KEY_UIMainStoryboardFile = Main;
				INFOPLIST_KEY_UISupportedInterfaceOrientations_iPad = "UIInterfaceOrientationPortrait UIInterfaceOrientationPortraitUpsideDown UIInterfaceOrientationLandscapeLeft UIInterfaceOrientationLandscapeRight";
				INFOPLIST_KEY_UISupportedInterfaceOrientations_iPhone = "UIInterfaceOrientationPortrait UIInterfaceOrientationLandscapeLeft UIInterfaceOrientationLandscapeRight";
				LD_RUNPATH_SEARCH_PATHS = (
					"$(inherited)",
					"@executable_path/Frameworks",
				);
				MARKETING_VERSION = 1.0;
				PRODUCT_BUNDLE_IDENTIFIER = udemy.walter.QuizzlerWithMVC;
				PRODUCT_NAME = "$(TARGET_NAME)";
				SWIFT_EMIT_LOC_STRINGS = YES;
				SWIFT_VERSION = 5.0;
				TARGETED_DEVICE_FAMILY = "1,2";
			};
			name = Release;
		};
/* End XCBuildConfiguration section */

/* Begin XCConfigurationList section */
		93BFD04C27BCF372006DEFDF /* Build configuration list for PBXProject "QuizzlerWithMVC" */ = {
			isa = XCConfigurationList;
			buildConfigurations = (
				93BFD06327BCF374006DEFDF /* Debug */,
				93BFD06427BCF374006DEFDF /* Release */,
			);
			defaultConfigurationIsVisible = 0;
			defaultConfigurationName = Release;
		};
		93BFD06527BCF374006DEFDF /* Build configuration list for PBXNativeTarget "QuizzlerWithMVC" */ = {
			isa = XCConfigurationList;
			buildConfigurations = (
				93BFD06627BCF374006DEFDF /* Debug */,
				93BFD06727BCF374006DEFDF /* Release */,
			);
			defaultConfigurationIsVisible = 0;
			defaultConfigurationName = Release;
		};
/* End XCConfigurationList section */
	};
	rootObject = 93BFD04927BCF372006DEFDF /* Project object */;
}
